
Microsoft Visual Studio Solution File, Format Version 12.00
# Visual Studio Version 17
VisualStudioVersion = 17.8.34004.107
MinimumVisualStudioVersion = 10.0.40219.1
Project("{9A19103F-16F7-4668-BE54-9A1E7A4F7556}") = "SourceCode", "SourceCode\SourceCode.csproj", "{FBEDC47C-3810-4D95-A922-5E5C1AC21EE2}"
EndProject
Project("{9A19103F-16F7-4668-BE54-9A1E7A4F7556}") = "CeptoMock", "CeptoMock\CeptoMock.csproj", "{CD5C55C0-E207-4A2F-AB4F-6A84CA87BA3F}"
EndProject
Project("{9A19103F-16F7-4668-BE54-9A1E7A4F7556}") = "TestCode", "TestCode\TestCode.csproj", "{FAA6E513-163C-44F2-90F7-68B1298EBB0C}"
EndProject
Project("{2150E333-8FDC-42A3-9474-1A3956D46DE8}") = "Solution Items", "Solution Items", "{7C25034B-1B34-43B4-8881-8FF0D7431C16}"
	ProjectSection(SolutionItems) = preProject
		Directory.Build.props = Directory.Build.props
	EndProjectSection
EndProject
Global
	GlobalSection(SolutionConfigurationPlatforms) = preSolution
		Debug|Any CPU = Debug|Any CPU
		Release|Any CPU = Release|Any CPU
	EndGlobalSection
	GlobalSection(ProjectConfigurationPlatforms) = postSolution
		{FBEDC47C-3810-4D95-A922-5E5C1AC21EE2}.Debug|Any CPU.ActiveCfg = Debug|Any CPU
		{FBEDC47C-3810-4D95-A922-5E5C1AC21EE2}.Debug|Any CPU.Build.0 = Debug|Any CPU
		{FBEDC47C-3810-4D95-A922-5E5C1AC21EE2}.Release|Any CPU.ActiveCfg = Release|Any CPU
		{FBEDC47C-3810-4D95-A922-5E5C1AC21EE2}.Release|Any CPU.Build.0 = Release|Any CPU
		{CD5C55C0-E207-4A2F-AB4F-6A84CA87BA3F}.Debug|Any CPU.ActiveCfg = Debug|Any CPU
		{CD5C55C0-E207-4A2F-AB4F-6A84CA87BA3F}.Debug|Any CPU.Build.0 = Debug|Any CPU
		{CD5C55C0-E207-4A2F-AB4F-6A84CA87BA3F}.Release|Any CPU.ActiveCfg = Release|Any CPU
		{CD5C55C0-E207-4A2F-AB4F-6A84CA87BA3F}.Release|Any CPU.Build.0 = Release|Any CPU
		{FAA6E513-163C-44F2-90F7-68B1298EBB0C}.Debug|Any CPU.ActiveCfg = Debug|Any CPU
		{FAA6E513-163C-44F2-90F7-68B1298EBB0C}.Debug|Any CPU.Build.0 = Debug|Any CPU
		{FAA6E513-163C-44F2-90F7-68B1298EBB0C}.Release|Any CPU.ActiveCfg = Release|Any CPU
		{FAA6E513-163C-44F2-90F7-68B1298EBB0C}.Release|Any CPU.Build.0 = Release|Any CPU
	EndGlobalSection
	GlobalSection(SolutionProperties) = preSolution
		HideSolutionNode = FALSE
	EndGlobalSection
	GlobalSection(ExtensibilityGlobals) = postSolution
		SolutionGuid = {0AFFDB12-C3AA-4567-9A61-08D6FCFC469E}
	EndGlobalSection
EndGlobal
